
Microsoft Visual Studio Solution File, Format Version 12.00
# Visual Studio Version 17
VisualStudioVersion = 17.14.36811.4 d17.14
MinimumVisualStudioVersion = 10.0.40219.1
Project("{FAE04EC0-301F-11D3-BF4B-00C04F79EFBC}") = "Ignis.API", "Ignis.API\Ignis.API.csproj", "{A80EDC4A-E1A1-4236-AA97-5D6C02B3F54B}"
EndProject
Project("{FAE04EC0-301F-11D3-BF4B-00C04F79EFBC}") = "Ignis.Application", "Ignis.Application\Ignis.Application.csproj", "{D247652C-ED29-45F9-BA2E-907163869DCB}"
EndProject
Project("{FAE04EC0-301F-11D3-BF4B-00C04F79EFBC}") = "Ignis.Core", "Ignis.Core\Ignis.Core.csproj", "{A0AC5FBB-06CC-4278-B450-962C2CA23544}"
EndProject
Project("{FAE04EC0-301F-11D3-BF4B-00C04F79EFBC}") = "Ignis.Infrastructure", "Ignis.Infrastructure\Ignis.Infrastructure.csproj", "{2F8A7921-427A-407F-AD1A-F2F04DA392CF}"
EndProject
Global
	GlobalSection(SolutionConfigurationPlatforms) = preSolution
		Debug|Any CPU = Debug|Any CPU
		Release|Any CPU = Release|Any CPU
	EndGlobalSection
	GlobalSection(ProjectConfigurationPlatforms) = postSolution
		{A80EDC4A-E1A1-4236-AA97-5D6C02B3F54B}.Debug|Any CPU.ActiveCfg = Debug|Any CPU
		{A80EDC4A-E1A1-4236-AA97-5D6C02B3F54B}.Debug|Any CPU.Build.0 = Debug|Any CPU
		{A80EDC4A-E1A1-4236-AA97-5D6C02B3F54B}.Release|Any CPU.ActiveCfg = Release|Any CPU
		{A80EDC4A-E1A1-4236-AA97-5D6C02B3F54B}.Release|Any CPU.Build.0 = Release|Any CPU
		{D247652C-ED29-45F9-BA2E-907163869DCB}.Debug|Any CPU.ActiveCfg = Debug|Any CPU
		{D247652C-ED29-45F9-BA2E-907163869DCB}.Debug|Any CPU.Build.0 = Debug|Any CPU
		{D247652C-ED29-45F9-BA2E-907163869DCB}.Release|Any CPU.ActiveCfg = Release|Any CPU
		{D247652C-ED29-45F9-BA2E-907163869DCB}.Release|Any CPU.Build.0 = Release|Any CPU
		{A0AC5FBB-06CC-4278-B450-962C2CA23544}.Debug|Any CPU.ActiveCfg = Debug|Any CPU
		{A0AC5FBB-06CC-4278-B450-962C2CA23544}.Debug|Any CPU.Build.0 = Debug|Any CPU
		{A0AC5FBB-06CC-4278-B450-962C2CA23544}.Release|Any CPU.ActiveCfg = Release|Any CPU
		{A0AC5FBB-06CC-4278-B450-962C2CA23544}.Release|Any CPU.Build.0 = Release|Any CPU
		{2F8A7921-427A-407F-AD1A-F2F04DA392CF}.Debug|Any CPU.ActiveCfg = Debug|Any CPU
		{2F8A7921-427A-407F-AD1A-F2F04DA392CF}.Debug|Any CPU.Build.0 = Debug|Any CPU
		{2F8A7921-427A-407F-AD1A-F2F04DA392CF}.Release|Any CPU.ActiveCfg = Release|Any CPU
		{2F8A7921-427A-407F-AD1A-F2F04DA392CF}.Release|Any CPU.Build.0 = Release|Any CPU
	EndGlobalSection
	GlobalSection(SolutionProperties) = preSolution
		HideSolutionNode = FALSE
	EndGlobalSection
	GlobalSection(ExtensibilityGlobals) = postSolution
		SolutionGuid = {5F328955-DC6B-4A82-8727-287A09643988}
	EndGlobalSection
EndGlobal
